
Microsoft Visual Studio Solution File, Format Version 12.00
# Visual Studio Version 16
VisualStudioVersion = 16.0.29418.71
MinimumVisualStudioVersion = 10.0.40219.1
Project("{9A19103F-16F7-4668-BE54-9A1E7A4F7556}") = "Listing1-001", "Listing1-001\Listing1-001.csproj", "{A2150054-0976-45A3-9528-CDCFA251B5D0}"
EndProject
Project("{9A19103F-16F7-4668-BE54-9A1E7A4F7556}") = "Listing1-002", "Listing1-002\Listing1-002.csproj", "{F144626C-E80B-4663-A0E7-157FCEB79498}"
EndProject
Project("{9A19103F-16F7-4668-BE54-9A1E7A4F7556}") = "Listing1-003", "Listing1-003\Listing1-003.csproj", "{6B58E8AD-605A-4224-9C67-1022559CFDEA}"
EndProject
Project("{9A19103F-16F7-4668-BE54-9A1E7A4F7556}") = "Listing1-004", "Listing1-004\Listing1-004.csproj", "{5DF5A0D6-39A5-411D-99E9-3E2C343C8CC9}"
EndProject
Project("{9A19103F-16F7-4668-BE54-9A1E7A4F7556}") = "Listing1-005", "Listing1-005\Listing1-005.csproj", "{E39F5A61-358B-482D-A199-7845C30BFD64}"
EndProject
Project("{9A19103F-16F7-4668-BE54-9A1E7A4F7556}") = "Listing1-006", "Listing1-006\Listing1-006.csproj", "{9C8DE01D-9AD9-4068-BB13-57AD2492BD9C}"
EndProject
Project("{9A19103F-16F7-4668-BE54-9A1E7A4F7556}") = "Listing1-007", "Listing1-007\Listing1-007.csproj", "{BB312BC1-A155-4FD8-B0A1-E813131490BA}"
EndProject
Project("{9A19103F-16F7-4668-BE54-9A1E7A4F7556}") = "Listing1-008", "Listing1-008\Listing1-008.csproj", "{4B89E41C-17E9-4E9E-99F1-AF508879E660}"
EndProject
Project("{9A19103F-16F7-4668-BE54-9A1E7A4F7556}") = "Listing1-009", "Listing1-009\Listing1-009.csproj", "{4AB45754-6C69-4790-B3B6-1C1CF0620ABE}"
EndProject
Project("{9A19103F-16F7-4668-BE54-9A1E7A4F7556}") = "Listing1-010", "Listing1-010\Listing1-010.csproj", "{D7B625B7-F445-4DA2-AB67-1910503A5C55}"
EndProject
Project("{9A19103F-16F7-4668-BE54-9A1E7A4F7556}") = "Listing1-011", "Listing1-011\Listing1-011.csproj", "{B5A829AA-0CE9-450C-A220-F2D3A383F53D}"
EndProject
Project("{9A19103F-16F7-4668-BE54-9A1E7A4F7556}") = "Listing1-012", "Listing1-012\Listing1-012.csproj", "{CF0FB254-C1AF-4E87-9927-BFBF08406385}"
EndProject
Project("{9A19103F-16F7-4668-BE54-9A1E7A4F7556}") = "Listing1-013", "Listing1-013\Listing1-013.csproj", "{5DF84A62-4D96-4914-B576-03FEE5EBFADE}"
EndProject
Project("{9A19103F-16F7-4668-BE54-9A1E7A4F7556}") = "Listing1-014", "Listing1-014\Listing1-014.csproj", "{58720CE9-9D09-4D26-AAC7-4D6045A51D29}"
EndProject
Project("{9A19103F-16F7-4668-BE54-9A1E7A4F7556}") = "Listing1-015", "Listing1-015\Listing1-015.csproj", "{E249BACE-E293-4313-AABB-F57F3ACC49C8}"
EndProject
Project("{9A19103F-16F7-4668-BE54-9A1E7A4F7556}") = "Listing1-016", "Listing1-016\Listing1-016.csproj", "{92639FBD-EBCA-4644-A2C9-75F31A85B1D7}"
EndProject
Project("{9A19103F-16F7-4668-BE54-9A1E7A4F7556}") = "Listing1-017", "Listing1-017\Listing1-017.csproj", "{D5F58A76-95A0-4CCB-857A-F079B8F7C2C0}"
EndProject
Project("{2150E333-8FDC-42A3-9474-1A3956D46DE8}") = "A. Understanding Threads", "A. Understanding Threads", "{1F9CAFAD-C319-4FF7-984F-9FD910D93A24}"
EndProject
Project("{2150E333-8FDC-42A3-9474-1A3956D46DE8}") = "B. Using Tasks", "B. Using Tasks", "{3B5405BA-2866-4C09-8064-E873AA06FF95}"
EndProject
Project("{2150E333-8FDC-42A3-9474-1A3956D46DE8}") = "C. Using the Parallel class", "C. Using the Parallel class", "{37BF6D22-B2F8-404B-AE85-B1F3AEE7374A}"
EndProject
Project("{2150E333-8FDC-42A3-9474-1A3956D46DE8}") = "D. Using Async and Await", "D. Using Async and Await", "{AA7668D5-5B22-41A2-82C0-EC6702D0F168}"
EndProject
Project("{9A19103F-16F7-4668-BE54-9A1E7A4F7556}") = "Listing1-018", "Listing1-018\Listing1-018.csproj", "{56F9A348-AABD-4038-83C3-B23E909AFF31}"
EndProject
Project("{FAE04EC0-301F-11D3-BF4B-00C04F79EFBC}") = "Listing1-019", "Listing1-019\Listing1-019.csproj", "{4D6A7213-25A1-4917-9B37-EEF34F209391}"
EndProject
Project("{FAE04EC0-301F-11D3-BF4B-00C04F79EFBC}") = "Listing1-020", "Listing1-020\Listing1-020.csproj", "{EE2979A2-A544-497D-89F8-F3329C94FB27}"
EndProject
Project("{FAE04EC0-301F-11D3-BF4B-00C04F79EFBC}") = "Listing1-021", "Listing1-021\Listing1-021.csproj", "{F4F08B2C-861C-4320-B0FA-78D6A211AEA8}"
EndProject
Global
	GlobalSection(SolutionConfigurationPlatforms) = preSolution
		Debug|Any CPU = Debug|Any CPU
		Release|Any CPU = Release|Any CPU
	EndGlobalSection
	GlobalSection(ProjectConfigurationPlatforms) = postSolution
		{A2150054-0976-45A3-9528-CDCFA251B5D0}.Debug|Any CPU.ActiveCfg = Debug|Any CPU
		{A2150054-0976-45A3-9528-CDCFA251B5D0}.Debug|Any CPU.Build.0 = Debug|Any CPU
		{A2150054-0976-45A3-9528-CDCFA251B5D0}.Release|Any CPU.ActiveCfg = Release|Any CPU
		{A2150054-0976-45A3-9528-CDCFA251B5D0}.Release|Any CPU.Build.0 = Release|Any CPU
		{F144626C-E80B-4663-A0E7-157FCEB79498}.Debug|Any CPU.ActiveCfg = Debug|Any CPU
		{F144626C-E80B-4663-A0E7-157FCEB79498}.Debug|Any CPU.Build.0 = Debug|Any CPU
		{F144626C-E80B-4663-A0E7-157FCEB79498}.Release|Any CPU.ActiveCfg = Release|Any CPU
		{F144626C-E80B-4663-A0E7-157FCEB79498}.Release|Any CPU.Build.0 = Release|Any CPU
		{6B58E8AD-605A-4224-9C67-1022559CFDEA}.Debug|Any CPU.ActiveCfg = Debug|Any CPU
		{6B58E8AD-605A-4224-9C67-1022559CFDEA}.Debug|Any CPU.Build.0 = Debug|Any CPU
		{6B58E8AD-605A-4224-9C67-1022559CFDEA}.Release|Any CPU.ActiveCfg = Release|Any CPU
		{6B58E8AD-605A-4224-9C67-1022559CFDEA}.Release|Any CPU.Build.0 = Release|Any CPU
		{5DF5A0D6-39A5-411D-99E9-3E2C343C8CC9}.Debug|Any CPU.ActiveCfg = Debug|Any CPU
		{5DF5A0D6-39A5-411D-99E9-3E2C343C8CC9}.Debug|Any CPU.Build.0 = Debug|Any CPU
		{5DF5A0D6-39A5-411D-99E9-3E2C343C8CC9}.Release|Any CPU.ActiveCfg = Release|Any CPU
		{5DF5A0D6-39A5-411D-99E9-3E2C343C8CC9}.Release|Any CPU.Build.0 = Release|Any CPU
		{E39F5A61-358B-482D-A199-7845C30BFD64}.Debug|Any CPU.ActiveCfg = Debug|Any CPU
		{E39F5A61-358B-482D-A199-7845C30BFD64}.Debug|Any CPU.Build.0 = Debug|Any CPU
		{E39F5A61-358B-482D-A199-7845C30BFD64}.Release|Any CPU.ActiveCfg = Release|Any CPU
		{E39F5A61-358B-482D-A199-7845C30BFD64}.Release|Any CPU.Build.0 = Release|Any CPU
		{9C8DE01D-9AD9-4068-BB13-57AD2492BD9C}.Debug|Any CPU.ActiveCfg = Debug|Any CPU
		{9C8DE01D-9AD9-4068-BB13-57AD2492BD9C}.Debug|Any CPU.Build.0 = Debug|Any CPU
		{9C8DE01D-9AD9-4068-BB13-57AD2492BD9C}.Release|Any CPU.ActiveCfg = Release|Any CPU
		{9C8DE01D-9AD9-4068-BB13-57AD2492BD9C}.Release|Any CPU.Build.0 = Release|Any CPU
		{BB312BC1-A155-4FD8-B0A1-E813131490BA}.Debug|Any CPU.ActiveCfg = Debug|Any CPU
		{BB312BC1-A155-4FD8-B0A1-E813131490BA}.Debug|Any CPU.Build.0 = Debug|Any CPU
		{BB312BC1-A155-4FD8-B0A1-E813131490BA}.Release|Any CPU.ActiveCfg = Release|Any CPU
		{BB312BC1-A155-4FD8-B0A1-E813131490BA}.Release|Any CPU.Build.0 = Release|Any CPU
		{4B89E41C-17E9-4E9E-99F1-AF508879E660}.Debug|Any CPU.ActiveCfg = Debug|Any CPU
		{4B89E41C-17E9-4E9E-99F1-AF508879E660}.Debug|Any CPU.Build.0 = Debug|Any CPU
		{4B89E41C-17E9-4E9E-99F1-AF508879E660}.Release|Any CPU.ActiveCfg = Release|Any CPU
		{4B89E41C-17E9-4E9E-99F1-AF508879E660}.Release|Any CPU.Build.0 = Release|Any CPU
		{4AB45754-6C69-4790-B3B6-1C1CF0620ABE}.Debug|Any CPU.ActiveCfg = Debug|Any CPU
		{4AB45754-6C69-4790-B3B6-1C1CF0620ABE}.Debug|Any CPU.Build.0 = Debug|Any CPU
		{4AB45754-6C69-4790-B3B6-1C1CF0620ABE}.Release|Any CPU.ActiveCfg = Release|Any CPU
		{4AB45754-6C69-4790-B3B6-1C1CF0620ABE}.Release|Any CPU.Build.0 = Release|Any CPU
		{D7B625B7-F445-4DA2-AB67-1910503A5C55}.Debug|Any CPU.ActiveCfg = Debug|Any CPU
		{D7B625B7-F445-4DA2-AB67-1910503A5C55}.Debug|Any CPU.Build.0 = Debug|Any CPU
		{D7B625B7-F445-4DA2-AB67-1910503A5C55}.Release|Any CPU.ActiveCfg = Release|Any CPU
		{D7B625B7-F445-4DA2-AB67-1910503A5C55}.Release|Any CPU.Build.0 = Release|Any CPU
		{B5A829AA-0CE9-450C-A220-F2D3A383F53D}.Debug|Any CPU.ActiveCfg = Debug|Any CPU
		{B5A829AA-0CE9-450C-A220-F2D3A383F53D}.Debug|Any CPU.Build.0 = Debug|Any CPU
		{B5A829AA-0CE9-450C-A220-F2D3A383F53D}.Release|Any CPU.ActiveCfg = Release|Any CPU
		{B5A829AA-0CE9-450C-A220-F2D3A383F53D}.Release|Any CPU.Build.0 = Release|Any CPU
		{CF0FB254-C1AF-4E87-9927-BFBF08406385}.Debug|Any CPU.ActiveCfg = Debug|Any CPU
		{CF0FB254-C1AF-4E87-9927-BFBF08406385}.Debug|Any CPU.Build.0 = Debug|Any CPU
		{CF0FB254-C1AF-4E87-9927-BFBF08406385}.Release|Any CPU.ActiveCfg = Release|Any CPU
		{CF0FB254-C1AF-4E87-9927-BFBF08406385}.Release|Any CPU.Build.0 = Release|Any CPU
		{5DF84A62-4D96-4914-B576-03FEE5EBFADE}.Debug|Any CPU.ActiveCfg = Debug|Any CPU
		{5DF84A62-4D96-4914-B576-03FEE5EBFADE}.Debug|Any CPU.Build.0 = Debug|Any CPU
		{5DF84A62-4D96-4914-B576-03FEE5EBFADE}.Release|Any CPU.ActiveCfg = Release|Any CPU
		{5DF84A62-4D96-4914-B576-03FEE5EBFADE}.Release|Any CPU.Build.0 = Release|Any CPU
		{58720CE9-9D09-4D26-AAC7-4D6045A51D29}.Debug|Any CPU.ActiveCfg = Debug|Any CPU
		{58720CE9-9D09-4D26-AAC7-4D6045A51D29}.Debug|Any CPU.Build.0 = Debug|Any CPU
		{58720CE9-9D09-4D26-AAC7-4D6045A51D29}.Release|Any CPU.ActiveCfg = Release|Any CPU
		{58720CE9-9D09-4D26-AAC7-4D6045A51D29}.Release|Any CPU.Build.0 = Release|Any CPU
		{E249BACE-E293-4313-AABB-F57F3ACC49C8}.Debug|Any CPU.ActiveCfg = Debug|Any CPU
		{E249BACE-E293-4313-AABB-F57F3ACC49C8}.Debug|Any CPU.Build.0 = Debug|Any CPU
		{E249BACE-E293-4313-AABB-F57F3ACC49C8}.Release|Any CPU.ActiveCfg = Release|Any CPU
		{E249BACE-E293-4313-AABB-F57F3ACC49C8}.Release|Any CPU.Build.0 = Release|Any CPU
		{92639FBD-EBCA-4644-A2C9-75F31A85B1D7}.Debug|Any CPU.ActiveCfg = Debug|Any CPU
		{92639FBD-EBCA-4644-A2C9-75F31A85B1D7}.Debug|Any CPU.Build.0 = Debug|Any CPU
		{92639FBD-EBCA-4644-A2C9-75F31A85B1D7}.Release|Any CPU.ActiveCfg = Release|Any CPU
		{92639FBD-EBCA-4644-A2C9-75F31A85B1D7}.Release|Any CPU.Build.0 = Release|Any CPU
		{D5F58A76-95A0-4CCB-857A-F079B8F7C2C0}.Debug|Any CPU.ActiveCfg = Debug|Any CPU
		{D5F58A76-95A0-4CCB-857A-F079B8F7C2C0}.Debug|Any CPU.Build.0 = Debug|Any CPU
		{D5F58A76-95A0-4CCB-857A-F079B8F7C2C0}.Release|Any CPU.ActiveCfg = Release|Any CPU
		{D5F58A76-95A0-4CCB-857A-F079B8F7C2C0}.Release|Any CPU.Build.0 = Release|Any CPU
		{56F9A348-AABD-4038-83C3-B23E909AFF31}.Debug|Any CPU.ActiveCfg = Debug|Any CPU
		{56F9A348-AABD-4038-83C3-B23E909AFF31}.Debug|Any CPU.Build.0 = Debug|Any CPU
		{56F9A348-AABD-4038-83C3-B23E909AFF31}.Release|Any CPU.ActiveCfg = Release|Any CPU
		{56F9A348-AABD-4038-83C3-B23E909AFF31}.Release|Any CPU.Build.0 = Release|Any CPU
		{4D6A7213-25A1-4917-9B37-EEF34F209391}.Debug|Any CPU.ActiveCfg = Debug|Any CPU
		{4D6A7213-25A1-4917-9B37-EEF34F209391}.Debug|Any CPU.Build.0 = Debug|Any CPU
		{4D6A7213-25A1-4917-9B37-EEF34F209391}.Release|Any CPU.ActiveCfg = Release|Any CPU
		{4D6A7213-25A1-4917-9B37-EEF34F209391}.Release|Any CPU.Build.0 = Release|Any CPU
		{EE2979A2-A544-497D-89F8-F3329C94FB27}.Debug|Any CPU.ActiveCfg = Debug|Any CPU
		{EE2979A2-A544-497D-89F8-F3329C94FB27}.Debug|Any CPU.Build.0 = Debug|Any CPU
		{EE2979A2-A544-497D-89F8-F3329C94FB27}.Release|Any CPU.ActiveCfg = Release|Any CPU
		{EE2979A2-A544-497D-89F8-F3329C94FB27}.Release|Any CPU.Build.0 = Release|Any CPU
		{F4F08B2C-861C-4320-B0FA-78D6A211AEA8}.Debug|Any CPU.ActiveCfg = Debug|Any CPU
		{F4F08B2C-861C-4320-B0FA-78D6A211AEA8}.Debug|Any CPU.Build.0 = Debug|Any CPU
		{F4F08B2C-861C-4320-B0FA-78D6A211AEA8}.Release|Any CPU.ActiveCfg = Release|Any CPU
		{F4F08B2C-861C-4320-B0FA-78D6A211AEA8}.Release|Any CPU.Build.0 = Release|Any CPU
	EndGlobalSection
	GlobalSection(SolutionProperties) = preSolution
		HideSolutionNode = FALSE
	EndGlobalSection
	GlobalSection(NestedProjects) = preSolution
		{A2150054-0976-45A3-9528-CDCFA251B5D0} = {1F9CAFAD-C319-4FF7-984F-9FD910D93A24}
		{F144626C-E80B-4663-A0E7-157FCEB79498} = {1F9CAFAD-C319-4FF7-984F-9FD910D93A24}
		{6B58E8AD-605A-4224-9C67-1022559CFDEA} = {1F9CAFAD-C319-4FF7-984F-9FD910D93A24}
		{5DF5A0D6-39A5-411D-99E9-3E2C343C8CC9} = {1F9CAFAD-C319-4FF7-984F-9FD910D93A24}
		{E39F5A61-358B-482D-A199-7845C30BFD64} = {1F9CAFAD-C319-4FF7-984F-9FD910D93A24}
		{9C8DE01D-9AD9-4068-BB13-57AD2492BD9C} = {1F9CAFAD-C319-4FF7-984F-9FD910D93A24}
		{BB312BC1-A155-4FD8-B0A1-E813131490BA} = {1F9CAFAD-C319-4FF7-984F-9FD910D93A24}
		{4B89E41C-17E9-4E9E-99F1-AF508879E660} = {3B5405BA-2866-4C09-8064-E873AA06FF95}
		{4AB45754-6C69-4790-B3B6-1C1CF0620ABE} = {3B5405BA-2866-4C09-8064-E873AA06FF95}
		{D7B625B7-F445-4DA2-AB67-1910503A5C55} = {3B5405BA-2866-4C09-8064-E873AA06FF95}
		{B5A829AA-0CE9-450C-A220-F2D3A383F53D} = {3B5405BA-2866-4C09-8064-E873AA06FF95}
		{CF0FB254-C1AF-4E87-9927-BFBF08406385} = {3B5405BA-2866-4C09-8064-E873AA06FF95}
		{5DF84A62-4D96-4914-B576-03FEE5EBFADE} = {3B5405BA-2866-4C09-8064-E873AA06FF95}
		{58720CE9-9D09-4D26-AAC7-4D6045A51D29} = {3B5405BA-2866-4C09-8064-E873AA06FF95}
		{E249BACE-E293-4313-AABB-F57F3ACC49C8} = {3B5405BA-2866-4C09-8064-E873AA06FF95}
		{92639FBD-EBCA-4644-A2C9-75F31A85B1D7} = {37BF6D22-B2F8-404B-AE85-B1F3AEE7374A}
		{D5F58A76-95A0-4CCB-857A-F079B8F7C2C0} = {37BF6D22-B2F8-404B-AE85-B1F3AEE7374A}
		{56F9A348-AABD-4038-83C3-B23E909AFF31} = {AA7668D5-5B22-41A2-82C0-EC6702D0F168}
		{4D6A7213-25A1-4917-9B37-EEF34F209391} = {AA7668D5-5B22-41A2-82C0-EC6702D0F168}
		{EE2979A2-A544-497D-89F8-F3329C94FB27} = {AA7668D5-5B22-41A2-82C0-EC6702D0F168}
		{F4F08B2C-861C-4320-B0FA-78D6A211AEA8} = {AA7668D5-5B22-41A2-82C0-EC6702D0F168}
	EndGlobalSection
	GlobalSection(ExtensibilityGlobals) = postSolution
		SolutionGuid = {F7B274BD-92E1-4AE1-8C8F-D228EA896B34}
	EndGlobalSection
EndGlobal
