
Microsoft Visual Studio Solution File, Format Version 12.00
# Visual Studio Version 16
VisualStudioVersion = 16.0.29418.71
MinimumVisualStudioVersion = 10.0.40219.1
Project("{9A19103F-16F7-4668-BE54-9A1E7A4F7556}") = "Listing1-001", "Listing1-001\Listing1-001.csproj", "{A2150054-0976-45A3-9528-CDCFA251B5D0}"
EndProject
Project("{9A19103F-16F7-4668-BE54-9A1E7A4F7556}") = "Listing1-002", "Listing1-002\Listing1-002.csproj", "{F144626C-E80B-4663-A0E7-157FCEB79498}"
EndProject
Project("{9A19103F-16F7-4668-BE54-9A1E7A4F7556}") = "Listing1-003", "Listing1-003\Listing1-003.csproj", "{6B58E8AD-605A-4224-9C67-1022559CFDEA}"
EndProject
Project("{9A19103F-16F7-4668-BE54-9A1E7A4F7556}") = "Listing1-004", "Listing1-004\Listing1-004.csproj", "{5DF5A0D6-39A5-411D-99E9-3E2C343C8CC9}"
EndProject
Project("{9A19103F-16F7-4668-BE54-9A1E7A4F7556}") = "Listing1-005", "Listing1-005\Listing1-005.csproj", "{E39F5A61-358B-482D-A199-7845C30BFD64}"
EndProject
Project("{9A19103F-16F7-4668-BE54-9A1E7A4F7556}") = "Listing1-006", "Listing1-006\Listing1-006.csproj", "{9C8DE01D-9AD9-4068-BB13-57AD2492BD9C}"
EndProject
Project("{9A19103F-16F7-4668-BE54-9A1E7A4F7556}") = "Listing1-007", "Listing1-007\Listing1-007.csproj", "{BB312BC1-A155-4FD8-B0A1-E813131490BA}"
EndProject
Project("{9A19103F-16F7-4668-BE54-9A1E7A4F7556}") = "Listing1-008", "Listing1-008\Listing1-008.csproj", "{4B89E41C-17E9-4E9E-99F1-AF508879E660}"
EndProject
Project("{FAE04EC0-301F-11D3-BF4B-00C04F79EFBC}") = "Listing1-009", "Listing1-009\Listing1-009.csproj", "{4AB45754-6C69-4790-B3B6-1C1CF0620ABE}"
EndProject
Project("{FAE04EC0-301F-11D3-BF4B-00C04F79EFBC}") = "Listing1-010", "Listing1-010\Listing1-010.csproj", "{D7B625B7-F445-4DA2-AB67-1910503A5C55}"
EndProject
Global
	GlobalSection(SolutionConfigurationPlatforms) = preSolution
		Debug|Any CPU = Debug|Any CPU
		Release|Any CPU = Release|Any CPU
	EndGlobalSection
	GlobalSection(ProjectConfigurationPlatforms) = postSolution
		{A2150054-0976-45A3-9528-CDCFA251B5D0}.Debug|Any CPU.ActiveCfg = Debug|Any CPU
		{A2150054-0976-45A3-9528-CDCFA251B5D0}.Debug|Any CPU.Build.0 = Debug|Any CPU
		{A2150054-0976-45A3-9528-CDCFA251B5D0}.Release|Any CPU.ActiveCfg = Release|Any CPU
		{A2150054-0976-45A3-9528-CDCFA251B5D0}.Release|Any CPU.Build.0 = Release|Any CPU
		{F144626C-E80B-4663-A0E7-157FCEB79498}.Debug|Any CPU.ActiveCfg = Debug|Any CPU
		{F144626C-E80B-4663-A0E7-157FCEB79498}.Debug|Any CPU.Build.0 = Debug|Any CPU
		{F144626C-E80B-4663-A0E7-157FCEB79498}.Release|Any CPU.ActiveCfg = Release|Any CPU
		{F144626C-E80B-4663-A0E7-157FCEB79498}.Release|Any CPU.Build.0 = Release|Any CPU
		{6B58E8AD-605A-4224-9C67-1022559CFDEA}.Debug|Any CPU.ActiveCfg = Debug|Any CPU
		{6B58E8AD-605A-4224-9C67-1022559CFDEA}.Debug|Any CPU.Build.0 = Debug|Any CPU
		{6B58E8AD-605A-4224-9C67-1022559CFDEA}.Release|Any CPU.ActiveCfg = Release|Any CPU
		{6B58E8AD-605A-4224-9C67-1022559CFDEA}.Release|Any CPU.Build.0 = Release|Any CPU
		{5DF5A0D6-39A5-411D-99E9-3E2C343C8CC9}.Debug|Any CPU.ActiveCfg = Debug|Any CPU
		{5DF5A0D6-39A5-411D-99E9-3E2C343C8CC9}.Debug|Any CPU.Build.0 = Debug|Any CPU
		{5DF5A0D6-39A5-411D-99E9-3E2C343C8CC9}.Release|Any CPU.ActiveCfg = Release|Any CPU
		{5DF5A0D6-39A5-411D-99E9-3E2C343C8CC9}.Release|Any CPU.Build.0 = Release|Any CPU
		{E39F5A61-358B-482D-A199-7845C30BFD64}.Debug|Any CPU.ActiveCfg = Debug|Any CPU
		{E39F5A61-358B-482D-A199-7845C30BFD64}.Debug|Any CPU.Build.0 = Debug|Any CPU
		{E39F5A61-358B-482D-A199-7845C30BFD64}.Release|Any CPU.ActiveCfg = Release|Any CPU
		{E39F5A61-358B-482D-A199-7845C30BFD64}.Release|Any CPU.Build.0 = Release|Any CPU
		{9C8DE01D-9AD9-4068-BB13-57AD2492BD9C}.Debug|Any CPU.ActiveCfg = Debug|Any CPU
		{9C8DE01D-9AD9-4068-BB13-57AD2492BD9C}.Debug|Any CPU.Build.0 = Debug|Any CPU
		{9C8DE01D-9AD9-4068-BB13-57AD2492BD9C}.Release|Any CPU.ActiveCfg = Release|Any CPU
		{9C8DE01D-9AD9-4068-BB13-57AD2492BD9C}.Release|Any CPU.Build.0 = Release|Any CPU
		{BB312BC1-A155-4FD8-B0A1-E813131490BA}.Debug|Any CPU.ActiveCfg = Debug|Any CPU
		{BB312BC1-A155-4FD8-B0A1-E813131490BA}.Debug|Any CPU.Build.0 = Debug|Any CPU
		{BB312BC1-A155-4FD8-B0A1-E813131490BA}.Release|Any CPU.ActiveCfg = Release|Any CPU
		{BB312BC1-A155-4FD8-B0A1-E813131490BA}.Release|Any CPU.Build.0 = Release|Any CPU
		{4B89E41C-17E9-4E9E-99F1-AF508879E660}.Debug|Any CPU.ActiveCfg = Debug|Any CPU
		{4B89E41C-17E9-4E9E-99F1-AF508879E660}.Debug|Any CPU.Build.0 = Debug|Any CPU
		{4B89E41C-17E9-4E9E-99F1-AF508879E660}.Release|Any CPU.ActiveCfg = Release|Any CPU
		{4B89E41C-17E9-4E9E-99F1-AF508879E660}.Release|Any CPU.Build.0 = Release|Any CPU
		{4AB45754-6C69-4790-B3B6-1C1CF0620ABE}.Debug|Any CPU.ActiveCfg = Debug|Any CPU
		{4AB45754-6C69-4790-B3B6-1C1CF0620ABE}.Debug|Any CPU.Build.0 = Debug|Any CPU
		{4AB45754-6C69-4790-B3B6-1C1CF0620ABE}.Release|Any CPU.ActiveCfg = Release|Any CPU
		{4AB45754-6C69-4790-B3B6-1C1CF0620ABE}.Release|Any CPU.Build.0 = Release|Any CPU
		{D7B625B7-F445-4DA2-AB67-1910503A5C55}.Debug|Any CPU.ActiveCfg = Debug|Any CPU
		{D7B625B7-F445-4DA2-AB67-1910503A5C55}.Debug|Any CPU.Build.0 = Debug|Any CPU
		{D7B625B7-F445-4DA2-AB67-1910503A5C55}.Release|Any CPU.ActiveCfg = Release|Any CPU
		{D7B625B7-F445-4DA2-AB67-1910503A5C55}.Release|Any CPU.Build.0 = Release|Any CPU
	EndGlobalSection
	GlobalSection(SolutionProperties) = preSolution
		HideSolutionNode = FALSE
	EndGlobalSection
	GlobalSection(ExtensibilityGlobals) = postSolution
		SolutionGuid = {F7B274BD-92E1-4AE1-8C8F-D228EA896B34}
	EndGlobalSection
EndGlobal
